
Microsoft Visual Studio Solution File, Format Version 12.00
# Visual Studio Version 17
VisualStudioVersion = 17.0.32112.339
MinimumVisualStudioVersion = 10.0.40219.1
Project("{FAE04EC0-301F-11D3-BF4B-00C04F79EFBC}") = "VendingMachine", "VendingMachine\VendingMachine.csproj", "{01A525EB-FB6B-48EB-A714-66DF92A09E1C}"
EndProject
Project("{FAE04EC0-301F-11D3-BF4B-00C04F79EFBC}") = "VendingMachine.Tests", "VendingMachine.Tests\VendingMachine.Tests.csproj", "{5D6195B1-795E-4967-BFAA-58E18E0F95A8}"
EndProject
Global
	GlobalSection(SolutionConfigurationPlatforms) = preSolution
		Debug|Any CPU = Debug|Any CPU
		Release|Any CPU = Release|Any CPU
	EndGlobalSection
	GlobalSection(ProjectConfigurationPlatforms) = postSolution
		{01A525EB-FB6B-48EB-A714-66DF92A09E1C}.Debug|Any CPU.ActiveCfg = Debug|Any CPU
		{01A525EB-FB6B-48EB-A714-66DF92A09E1C}.Debug|Any CPU.Build.0 = Debug|Any CPU
		{01A525EB-FB6B-48EB-A714-66DF92A09E1C}.Release|Any CPU.ActiveCfg = Release|Any CPU
		{01A525EB-FB6B-48EB-A714-66DF92A09E1C}.Release|Any CPU.Build.0 = Release|Any CPU
		{5D6195B1-795E-4967-BFAA-58E18E0F95A8}.Debug|Any CPU.ActiveCfg = Debug|Any CPU
		{5D6195B1-795E-4967-BFAA-58E18E0F95A8}.Debug|Any CPU.Build.0 = Debug|Any CPU
		{5D6195B1-795E-4967-BFAA-58E18E0F95A8}.Release|Any CPU.ActiveCfg = Release|Any CPU
		{5D6195B1-795E-4967-BFAA-58E18E0F95A8}.Release|Any CPU.Build.0 = Release|Any CPU
	EndGlobalSection
	GlobalSection(SolutionProperties) = preSolution
		HideSolutionNode = FALSE
	EndGlobalSection
	GlobalSection(ExtensibilityGlobals) = postSolution
		SolutionGuid = {C58AFE62-F585-4CF3-A80C-66E29EB23649}
	EndGlobalSection
EndGlobal
